
Microsoft Visual Studio Solution File, Format Version 12.00
# Visual Studio Version 16
VisualStudioVersion = 16.0.29123.88
MinimumVisualStudioVersion = 10.0.40219.1
Project("{FAE04EC0-301F-11D3-BF4B-00C04F79EFBC}") = "WebApplication", "WebApplication\WebApplication.csproj", "{E45613AA-C5FE-461A-9F72-C1B6D5843F4D}"
EndProject
Global
	GlobalSection(SolutionConfigurationPlatforms) = preSolution
		Debug|Any CPU = Debug|Any CPU
		Release|Any CPU = Release|Any CPU
	EndGlobalSection
	GlobalSection(ProjectConfigurationPlatforms) = postSolution
		{E45613AA-C5FE-461A-9F72-C1B6D5843F4D}.Debug|Any CPU.ActiveCfg = Debug|Any CPU
		{E45613AA-C5FE-461A-9F72-C1B6D5843F4D}.Debug|Any CPU.Build.0 = Debug|Any CPU
		{E45613AA-C5FE-461A-9F72-C1B6D5843F4D}.Release|Any CPU.ActiveCfg = Release|Any CPU
		{E45613AA-C5FE-461A-9F72-C1B6D5843F4D}.Release|Any CPU.Build.0 = Release|Any CPU
	EndGlobalSection
	GlobalSection(SolutionProperties) = preSolution
		HideSolutionNode = FALSE
	EndGlobalSection
	GlobalSection(ExtensibilityGlobals) = postSolution
		SolutionGuid = {9FD782A5-2ED3-4767-B68B-B6019FB6D56F}
	EndGlobalSection
EndGlobal
